
Microsoft Visual Studio Solution File, Format Version 12.00
# Visual Studio Version 17
VisualStudioVersion = 17.4.33213.308
MinimumVisualStudioVersion = 10.0.40219.1
Project("{FAE04EC0-301F-11D3-BF4B-00C04F79EFBC}") = "TraversalApiProject", "TraversalApiProject\TraversalApiProject.csproj", "{0F6C3693-E018-480B-A397-1A4309A4EF26}"
EndProject
Global
	GlobalSection(SolutionConfigurationPlatforms) = preSolution
		Debug|Any CPU = Debug|Any CPU
		Release|Any CPU = Release|Any CPU
	EndGlobalSection
	GlobalSection(ProjectConfigurationPlatforms) = postSolution
		{0F6C3693-E018-480B-A397-1A4309A4EF26}.Debug|Any CPU.ActiveCfg = Debug|Any CPU
		{0F6C3693-E018-480B-A397-1A4309A4EF26}.Debug|Any CPU.Build.0 = Debug|Any CPU
		{0F6C3693-E018-480B-A397-1A4309A4EF26}.Release|Any CPU.ActiveCfg = Release|Any CPU
		{0F6C3693-E018-480B-A397-1A4309A4EF26}.Release|Any CPU.Build.0 = Release|Any CPU
	EndGlobalSection
	GlobalSection(SolutionProperties) = preSolution
		HideSolutionNode = FALSE
	EndGlobalSection
	GlobalSection(ExtensibilityGlobals) = postSolution
		SolutionGuid = {BBE6B606-F79C-4D21-9EC4-A691BD3322DA}
	EndGlobalSection
EndGlobal
